
Microsoft Visual Studio Solution File, Format Version 11.00
# Visual Studio 2010
Project("{FAE04EC0-301F-11D3-BF4B-00C04F79EFBC}") = "Assembly-CSharp", "Assembly-CSharp.csproj", "{9c41e4b1-8642-7fb9-0763-3bb53b630737}"
EndProject
Project("{FAE04EC0-301F-11D3-BF4B-00C04F79EFBC}") = "Assembly-CSharp-Editor", "Assembly-CSharp-Editor.csproj", "{0d9eae62-5d41-44c4-a721-a3bf06dc245d}"
EndProject
Project("{FAE04EC0-301F-11D3-BF4B-00C04F79EFBC}") = "DLC_TestScene", "DLC_TestScene.csproj", "{7a34ba88-b806-c71b-789c-3d33344dacbc}"
EndProject
Global
	GlobalSection(SolutionConfigurationPlatforms) = preSolution
		Debug|Any CPU = Debug|Any CPU
	EndGlobalSection
	GlobalSection(ProjectConfigurationPlatforms) = postSolution
		{9c41e4b1-8642-7fb9-0763-3bb53b630737}.Debug|Any CPU.ActiveCfg = Debug|Any CPU
		{9c41e4b1-8642-7fb9-0763-3bb53b630737}.Debug|Any CPU.Build.0 = Debug|Any CPU
		{0d9eae62-5d41-44c4-a721-a3bf06dc245d}.Debug|Any CPU.ActiveCfg = Debug|Any CPU
		{0d9eae62-5d41-44c4-a721-a3bf06dc245d}.Debug|Any CPU.Build.0 = Debug|Any CPU
		{7a34ba88-b806-c71b-789c-3d33344dacbc}.Debug|Any CPU.ActiveCfg = Debug|Any CPU
		{7a34ba88-b806-c71b-789c-3d33344dacbc}.Debug|Any CPU.Build.0 = Debug|Any CPU
	EndGlobalSection
	GlobalSection(SolutionProperties) = preSolution
		HideSolutionNode = FALSE
	EndGlobalSection
EndGlobal
